
Microsoft Visual Studio Solution File, Format Version 12.00
# Visual Studio 15
Project("{FAE04EC0-301F-11D3-BF4B-00C04F79EFBC}") = "Robert Nickel Animation Assignment", "Assembly-CSharp.csproj", "{B33E5F1A-455E-6870-6D99-9C8EE2408CDC}"
EndProject
Project("{FAE04EC0-301F-11D3-BF4B-00C04F79EFBC}") = "Robert Nickel Animation Assignment", "Assembly-CSharp-Editor.csproj", "{623AE168-C05F-0099-CB64-0616504CA4D0}"
EndProject
Global
	GlobalSection(SolutionConfigurationPlatforms) = preSolution
		Debug|Any CPU = Debug|Any CPU
		Release|Any CPU = Release|Any CPU
	EndGlobalSection
	GlobalSection(ProjectConfigurationPlatforms) = postSolution
		{B33E5F1A-455E-6870-6D99-9C8EE2408CDC}.Debug|Any CPU.ActiveCfg = Debug|Any CPU
		{B33E5F1A-455E-6870-6D99-9C8EE2408CDC}.Debug|Any CPU.Build.0 = Debug|Any CPU
		{B33E5F1A-455E-6870-6D99-9C8EE2408CDC}.Release|Any CPU.ActiveCfg = Release|Any CPU
		{B33E5F1A-455E-6870-6D99-9C8EE2408CDC}.Release|Any CPU.Build.0 = Release|Any CPU
		{623AE168-C05F-0099-CB64-0616504CA4D0}.Debug|Any CPU.ActiveCfg = Debug|Any CPU
		{623AE168-C05F-0099-CB64-0616504CA4D0}.Debug|Any CPU.Build.0 = Debug|Any CPU
		{623AE168-C05F-0099-CB64-0616504CA4D0}.Release|Any CPU.ActiveCfg = Release|Any CPU
		{623AE168-C05F-0099-CB64-0616504CA4D0}.Release|Any CPU.Build.0 = Release|Any CPU
	EndGlobalSection
	GlobalSection(SolutionProperties) = preSolution
		HideSolutionNode = FALSE
	EndGlobalSection
EndGlobal
